
Microsoft Visual Studio Solution File, Format Version 12.00
# Visual Studio Version 17
VisualStudioVersion = 17.9.34616.47
MinimumVisualStudioVersion = 10.0.40219.1
Project("{8BC9CEB8-8B4A-11D0-8D11-00A0C91BC942}") = "OOP2", "OOP2\OOP2.vcxproj", "{EF121C25-09A6-4D27-BBFB-F38763C6C08D}"
EndProject
Project("{8BC9CEB8-8B4A-11D0-8D11-00A0C91BC942}") = "Encapsulasi", "Encapsulasi\Encapsulasi.vcxproj", "{8898E4CE-0C0D-4257-830F-443FADFFFB57}"
EndProject
Project("{8BC9CEB8-8B4A-11D0-8D11-00A0C91BC942}") = "NoOverriding", "NoOverriding\NoOverriding.vcxproj", "{F13879F7-836A-4E04-AC30-BFF5EA30EE42}"
EndProject
Project("{8BC9CEB8-8B4A-11D0-8D11-00A0C91BC942}") = "Abstraksi", "Abstraksi\Abstraksi.vcxproj", "{332FA055-4FB5-4DF6-AE65-513EEE5A8025}"
EndProject
Global
	GlobalSection(SolutionConfigurationPlatforms) = preSolution
		Debug|x64 = Debug|x64
		Debug|x86 = Debug|x86
		Release|x64 = Release|x64
		Release|x86 = Release|x86
	EndGlobalSection
	GlobalSection(ProjectConfigurationPlatforms) = postSolution
		{EF121C25-09A6-4D27-BBFB-F38763C6C08D}.Debug|x64.ActiveCfg = Debug|x64
		{EF121C25-09A6-4D27-BBFB-F38763C6C08D}.Debug|x64.Build.0 = Debug|x64
		{EF121C25-09A6-4D27-BBFB-F38763C6C08D}.Debug|x86.ActiveCfg = Debug|Win32
		{EF121C25-09A6-4D27-BBFB-F38763C6C08D}.Debug|x86.Build.0 = Debug|Win32
		{EF121C25-09A6-4D27-BBFB-F38763C6C08D}.Release|x64.ActiveCfg = Release|x64
		{EF121C25-09A6-4D27-BBFB-F38763C6C08D}.Release|x64.Build.0 = Release|x64
		{EF121C25-09A6-4D27-BBFB-F38763C6C08D}.Release|x86.ActiveCfg = Release|Win32
		{EF121C25-09A6-4D27-BBFB-F38763C6C08D}.Release|x86.Build.0 = Release|Win32
		{8898E4CE-0C0D-4257-830F-443FADFFFB57}.Debug|x64.ActiveCfg = Debug|x64
		{8898E4CE-0C0D-4257-830F-443FADFFFB57}.Debug|x64.Build.0 = Debug|x64
		{8898E4CE-0C0D-4257-830F-443FADFFFB57}.Debug|x86.ActiveCfg = Debug|Win32
		{8898E4CE-0C0D-4257-830F-443FADFFFB57}.Debug|x86.Build.0 = Debug|Win32
		{8898E4CE-0C0D-4257-830F-443FADFFFB57}.Release|x64.ActiveCfg = Release|x64
		{8898E4CE-0C0D-4257-830F-443FADFFFB57}.Release|x64.Build.0 = Release|x64
		{8898E4CE-0C0D-4257-830F-443FADFFFB57}.Release|x86.ActiveCfg = Release|Win32
		{8898E4CE-0C0D-4257-830F-443FADFFFB57}.Release|x86.Build.0 = Release|Win32
		{F13879F7-836A-4E04-AC30-BFF5EA30EE42}.Debug|x64.ActiveCfg = Debug|x64
		{F13879F7-836A-4E04-AC30-BFF5EA30EE42}.Debug|x64.Build.0 = Debug|x64
		{F13879F7-836A-4E04-AC30-BFF5EA30EE42}.Debug|x86.ActiveCfg = Debug|Win32
		{F13879F7-836A-4E04-AC30-BFF5EA30EE42}.Debug|x86.Build.0 = Debug|Win32
		{F13879F7-836A-4E04-AC30-BFF5EA30EE42}.Release|x64.ActiveCfg = Release|x64
		{F13879F7-836A-4E04-AC30-BFF5EA30EE42}.Release|x64.Build.0 = Release|x64
		{F13879F7-836A-4E04-AC30-BFF5EA30EE42}.Release|x86.ActiveCfg = Release|Win32
		{F13879F7-836A-4E04-AC30-BFF5EA30EE42}.Release|x86.Build.0 = Release|Win32
		{332FA055-4FB5-4DF6-AE65-513EEE5A8025}.Debug|x64.ActiveCfg = Debug|x64
		{332FA055-4FB5-4DF6-AE65-513EEE5A8025}.Debug|x64.Build.0 = Debug|x64
		{332FA055-4FB5-4DF6-AE65-513EEE5A8025}.Debug|x86.ActiveCfg = Debug|Win32
		{332FA055-4FB5-4DF6-AE65-513EEE5A8025}.Debug|x86.Build.0 = Debug|Win32
		{332FA055-4FB5-4DF6-AE65-513EEE5A8025}.Release|x64.ActiveCfg = Release|x64
		{332FA055-4FB5-4DF6-AE65-513EEE5A8025}.Release|x64.Build.0 = Release|x64
		{332FA055-4FB5-4DF6-AE65-513EEE5A8025}.Release|x86.ActiveCfg = Release|Win32
		{332FA055-4FB5-4DF6-AE65-513EEE5A8025}.Release|x86.Build.0 = Release|Win32
	EndGlobalSection
	GlobalSection(SolutionProperties) = preSolution
		HideSolutionNode = FALSE
	EndGlobalSection
	GlobalSection(ExtensibilityGlobals) = postSolution
		SolutionGuid = {53FC405D-727B-4530-B3AE-B42A7129FCFB}
	EndGlobalSection
EndGlobal
